
Microsoft Visual Studio Solution File, Format Version 12.00
# Visual Studio Version 17
VisualStudioVersion = 17.7.34031.279
MinimumVisualStudioVersion = 10.0.40219.1
Project("{FAE04EC0-301F-11D3-BF4B-00C04F79EFBC}") = "Budget_Tracking_App", "Budget_Tracking_App.csproj", "{3BF5BE3C-6413-438F-9BE9-055083027B12}"
EndProject
Global
	GlobalSection(SolutionConfigurationPlatforms) = preSolution
		Debug|Any CPU = Debug|Any CPU
		Release|Any CPU = Release|Any CPU
	EndGlobalSection
	GlobalSection(ProjectConfigurationPlatforms) = postSolution
		{3BF5BE3C-6413-438F-9BE9-055083027B12}.Debug|Any CPU.ActiveCfg = Debug|Any CPU
		{3BF5BE3C-6413-438F-9BE9-055083027B12}.Debug|Any CPU.Build.0 = Debug|Any CPU
		{3BF5BE3C-6413-438F-9BE9-055083027B12}.Release|Any CPU.ActiveCfg = Release|Any CPU
		{3BF5BE3C-6413-438F-9BE9-055083027B12}.Release|Any CPU.Build.0 = Release|Any CPU
	EndGlobalSection
	GlobalSection(SolutionProperties) = preSolution
		HideSolutionNode = FALSE
	EndGlobalSection
	GlobalSection(ExtensibilityGlobals) = postSolution
		SolutionGuid = {FC847D9E-C1C4-4E66-88D2-F0E3FF522B08}
	EndGlobalSection
EndGlobal
